<?xml version="1.0" encoding="utf-8"?>
<Project ToolsVersion="4.0" xmlns="http://schemas.microsoft.com/developer/msbuild/2003">
  <ItemGroup>
    <Filter Include="源文件">
      <UniqueIdentifier>{4FC737F1-C7A5-4376-A066-2A32D752A2FF}</UniqueIdentifier>
      <Extensions>cpp;c;cc;cxx;c++;cppm;ixx;def;odl;idl;hpj;bat;asm;asmx</Extensions>
    </Filter>
    <Filter Include="头文件">
      <UniqueIdentifier>{93995380-89BD-4b04-88EB-625FBE52EBFB}</UniqueIdentifier>
      <Extensions>h;hh;hpp;hxx;h++;hm;inl;inc;ipp;xsd</Extensions>
    </Filter>
    <Filter Include="资源文件">
      <UniqueIdentifier>{67DA6AB6-F800-4c08-8B7A-83BB121AAD01}</UniqueIdentifier>
      <Extensions>rc;ico;cur;bmp;dlg;rc2;rct;bin;rgs;gif;jpg;jpeg;jpe;resx;tiff;tif;png;wav;mfcribbon-ms</Extensions>
    </Filter>
    <Filter Include="资源文件\moster">
      <UniqueIdentifier>{cd62a522-ce6f-4fc4-af2a-3f7ef6e83361}</UniqueIdentifier>
    </Filter>
    <Filter Include="资源文件\Map">
      <UniqueIdentifier>{1e643ef9-d79d-47f1-bbab-8241015c2a66}</UniqueIdentifier>
    </Filter>
    <Filter Include="资源文件\other">
      <UniqueIdentifier>{6c52c3b6-cc8e-416e-b7ff-c3ef69e99f2a}</UniqueIdentifier>
    </Filter>
  </ItemGroup>
  <ItemGroup>
    <ClCompile Include="main.cpp">
      <Filter>源文件</Filter>
    </ClCompile>
    <ClCompile Include="initialize.cpp">
      <Filter>源文件</Filter>
    </ClCompile>
    <ClCompile Include="before start.cpp">
      <Filter>源文件</Filter>
    </ClCompile>
    <ClCompile Include="fight.cpp">
      <Filter>源文件</Filter>
    </ClCompile>
    <ClCompile Include="screen.cpp">
      <Filter>源文件</Filter>
    </ClCompile>
    <ClCompile Include="controller.cpp">
      <Filter>源文件</Filter>
    </ClCompile>
    <ClCompile Include="Startgame.cpp">
      <Filter>源文件</Filter>
    </ClCompile>
  </ItemGroup>
  <ItemGroup>
    <ClInclude Include="header.h">
      <Filter>头文件</Filter>
    </ClInclude>
    <ClInclude Include="initialize.h">
      <Filter>头文件</Filter>
    </ClInclude>
    <ClInclude Include="beforestart.h">
      <Filter>头文件</Filter>
    </ClInclude>
    <ClInclude Include="fight.h">
      <Filter>头文件</Filter>
    </ClInclude>
    <ClInclude Include="screen.h">
      <Filter>头文件</Filter>
    </ClInclude>
    <ClInclude Include="controller.h">
      <Filter>头文件</Filter>
    </ClInclude>
    <ClInclude Include="Startgame.h">
      <Filter>头文件</Filter>
    </ClInclude>
  </ItemGroup>
  <ItemGroup>
    <Text Include="kobe.txt">
      <Filter>资源文件\other</Filter>
    </Text>
    <Text Include="baseinfo.txt">
      <Filter>资源文件\other</Filter>
    </Text>
    <Text Include="test2.txt">
      <Filter>资源文件\other</Filter>
    </Text>
    <Text Include="title.txt">
      <Filter>资源文件\other</Filter>
    </Text>
    <Text Include="文本.txt">
      <Filter>资源文件\other</Filter>
    </Text>
    <Text Include="BIGEYES.txt">
      <Filter>资源文件\moster</Filter>
    </Text>
    <Text Include="HELL.txt">
      <Filter>资源文件\moster</Filter>
    </Text>
    <Text Include="SLIME.txt">
      <Filter>资源文件\moster</Filter>
    </Text>
    <Text Include="BOOS.txt">
      <Filter>资源文件\moster</Filter>
    </Text>
    <Text Include="文本1.txt">
      <Filter>资源文件\other</Filter>
    </Text>
    <Text Include="NULL.txt">
      <Filter>资源文件\other</Filter>
    </Text>
    <Text Include="map1.txt">
      <Filter>资源文件\Map</Filter>
    </Text>
    <Text Include="rule.txt">
      <Filter>资源文件\other</Filter>
    </Text>
    <Text Include="intro.txt">
      <Filter>资源文件\other</Filter>
    </Text>
    <Text Include="map  2.txt">
      <Filter>资源文件\Map</Filter>
    </Text>
  </ItemGroup>
  <ItemGroup>
    <None Include="sign.txt">
      <Filter>资源文件\other</Filter>
    </None>
  </ItemGroup>
</Project>